
Microsoft Visual Studio Solution File, Format Version 12.00
# Visual Studio 15
VisualStudioVersion = 15.0.28010.2041
MinimumVisualStudioVersion = 10.0.40219.1
Project("{FAE04EC0-301F-11D3-BF4B-00C04F79EFBC}") = "Annimals", "Annimals\Annimals.csproj", "{FFCC2D2F-2C32-4824-8886-F0AB0B810C36}"
EndProject
Global
	GlobalSection(SolutionConfigurationPlatforms) = preSolution
		Debug|Any CPU = Debug|Any CPU
		Release|Any CPU = Release|Any CPU
	EndGlobalSection
	GlobalSection(ProjectConfigurationPlatforms) = postSolution
		{FFCC2D2F-2C32-4824-8886-F0AB0B810C36}.Debug|Any CPU.ActiveCfg = Debug|Any CPU
		{FFCC2D2F-2C32-4824-8886-F0AB0B810C36}.Debug|Any CPU.Build.0 = Debug|Any CPU
		{FFCC2D2F-2C32-4824-8886-F0AB0B810C36}.Release|Any CPU.ActiveCfg = Release|Any CPU
		{FFCC2D2F-2C32-4824-8886-F0AB0B810C36}.Release|Any CPU.Build.0 = Release|Any CPU
	EndGlobalSection
	GlobalSection(SolutionProperties) = preSolution
		HideSolutionNode = FALSE
	EndGlobalSection
	GlobalSection(ExtensibilityGlobals) = postSolution
		SolutionGuid = {63A7EA80-B2B0-4218-86A9-AE12A7E2D499}
	EndGlobalSection
EndGlobal
